{
  "name": "02_chap",
  "version": "1.0.0",
  "lockfileVersion": 1,
  "requires": true,
  "dependencies": {
    "typescript": {
      "version": "3.9.8",
      "resolved": "https://registry.npmjs.org/typescript/-/typescript-3.9.8.tgz",
      "integrity": "sha512-nDbnFkUZZjkQ92qwKX+C+jtk4OGfU8H9toSEs3uAsl8cxLjG2sqQm6leF/pLWvm9FAEJ6KHkYMAbHYaY2ITeVg==",
      "dev": true
    }
  }
}
